
Microsoft Visual Studio Solution File, Format Version 12.00
# Visual Studio 15
VisualStudioVersion = 15.0.27428.2037
MinimumVisualStudioVersion = 10.0.40219.1
Project("{9A19103F-16F7-4668-BE54-9A1E7A4F7556}") = "Ej11", "Ej01\Ej11.csproj", "{B79DD41B-5F5B-4B86-B971-7C44B0C5BB5E}"
EndProject
Project("{9A19103F-16F7-4668-BE54-9A1E7A4F7556}") = "Ej12", "Ej12\Ej12.csproj", "{04B88F42-DB9D-40E1-A891-18CD3FA42BDD}"
EndProject
Project("{9A19103F-16F7-4668-BE54-9A1E7A4F7556}") = "Ej13", "Ej13\Ej13.csproj", "{2B8B3545-1DCF-48CC-988B-11A3F9791D94}"
EndProject
Project("{9A19103F-16F7-4668-BE54-9A1E7A4F7556}") = "Ej14", "Ej14\Ej14.csproj", "{CEA0ABE6-92FC-4F97-85A3-3B5378BD1B8E}"
EndProject
Project("{9A19103F-16F7-4668-BE54-9A1E7A4F7556}") = "Ej15", "Ej15\Ej15.csproj", "{042AE743-F9A0-4B89-AD13-B5D546B8B85A}"
EndProject
Project("{9A19103F-16F7-4668-BE54-9A1E7A4F7556}") = "Ej16", "Ej16\Ej16.csproj", "{40B36F9F-B3DB-4F6C-BF02-740C477DBFC8}"
EndProject
Project("{9A19103F-16F7-4668-BE54-9A1E7A4F7556}") = "Ej17", "Ej17\Ej17.csproj", "{6F6D99C5-F97F-44A7-BC9C-211DF92E6173}"
EndProject
Project("{9A19103F-16F7-4668-BE54-9A1E7A4F7556}") = "Ej18", "Ej18\Ej18.csproj", "{F317B8C5-1169-4539-B636-C3E2C1C15758}"
EndProject
Project("{9A19103F-16F7-4668-BE54-9A1E7A4F7556}") = "Ej19", "Ej19\Ej19.csproj", "{BCBC2DA6-6215-44CF-B1C1-066E858B4319}"
EndProject
Project("{9A19103F-16F7-4668-BE54-9A1E7A4F7556}") = "Ej20", "Ej20\Ej20.csproj", "{F6137074-265E-4E69-AB17-EC16B30D2B3F}"
EndProject
Project("{FAE04EC0-301F-11D3-BF4B-00C04F79EFBC}") = "Ej23-Form", "Ej21-Form\Ej23-Form.csproj", "{A00A8015-A7B7-43D5-922A-2A27C0114D01}"
EndProject
Project("{9A19103F-16F7-4668-BE54-9A1E7A4F7556}") = "Ej23-library", "Ej23-library\Ej23-library.csproj", "{219D616F-86FA-4C7F-8201-45A2AE402E14}"
EndProject
Project("{9A19103F-16F7-4668-BE54-9A1E7A4F7556}") = "Ej26", "Ej26\Ej26.csproj", "{ACD73515-9E47-4F9B-8344-DF571EDDDABA}"
EndProject
Project("{9A19103F-16F7-4668-BE54-9A1E7A4F7556}") = "Ej27", "Ej27\Ej27.csproj", "{29486D98-23AD-43FF-B0E6-2C0BB3A77905}"
EndProject
Project("{FAE04EC0-301F-11D3-BF4B-00C04F79EFBC}") = "Ej28Form", "Ej28Form\Ej28Form.csproj", "{BBD47E55-5D05-4964-9E2F-AB889D4D669A}"
EndProject
Project("{9A19103F-16F7-4668-BE54-9A1E7A4F7556}") = "Ej29", "Ej29\Ej29.csproj", "{C3CFBB8A-3C0C-48F5-9B0C-E4E9EC7A6398}"
EndProject
Project("{9A19103F-16F7-4668-BE54-9A1E7A4F7556}") = "Ej30", "Ej30\Ej30.csproj", "{B970118D-73DB-4443-9770-046A7AF067A5}"
EndProject
Project("{9A19103F-16F7-4668-BE54-9A1E7A4F7556}") = "Ej31", "Ej31\Ej31.csproj", "{1D6F6CB9-AE23-48DC-A84F-4148B255E348}"
EndProject
Project("{9A19103F-16F7-4668-BE54-9A1E7A4F7556}") = "Ej32", "Ej32\Ej32.csproj", "{49463785-C5D5-4396-BF8E-2992AAE77818}"
EndProject
Project("{9A19103F-16F7-4668-BE54-9A1E7A4F7556}") = "Ej33", "Ej33\Ej33.csproj", "{A08C7242-C8F8-41A4-9DC2-ACED86AFFF22}"
EndProject
Project("{9A19103F-16F7-4668-BE54-9A1E7A4F7556}") = "Ej34", "Ej34\Ej34.csproj", "{EF6DB98D-E549-4459-BE66-4B80500BF322}"
EndProject
Project("{9A19103F-16F7-4668-BE54-9A1E7A4F7556}") = "CentralitaHerencia", "CentralitaHerencia\CentralitaHerencia.csproj", "{F81A0BA9-FF7B-4C75-8F13-AB95FC71E8B6}"
EndProject
Project("{9A19103F-16F7-4668-BE54-9A1E7A4F7556}") = "Test", "Test\Test.csproj", "{C705996C-F5BC-4155-A0BA-A120324539E7}"
EndProject
Project("{9A19103F-16F7-4668-BE54-9A1E7A4F7556}") = "Ej38", "Ej38\Ej38.csproj", "{04BD3B54-0348-4A31-A49F-80ABA7AE911E}"
EndProject
Project("{9A19103F-16F7-4668-BE54-9A1E7A4F7556}") = "Ej39", "Ej39\Ej39.csproj", "{D7E95F08-229C-47FA-8B19-7BDD5A92B415}"
EndProject
Project("{FAE04EC0-301F-11D3-BF4B-00C04F79EFBC}") = "Ej40Form", "Ej40Form\Ej40Form.csproj", "{A179B5D0-6CEE-40E5-9B01-E867AF85AC5D}"
EndProject
Project("{9A19103F-16F7-4668-BE54-9A1E7A4F7556}") = "EJ40Main", "EJ40Main\EJ40Main.csproj", "{7C9A7AB9-71DA-48CC-A3D8-1484425B61ED}"
EndProject
Project("{FAE04EC0-301F-11D3-BF4B-00C04F79EFBC}") = "CentralitaAbstract", "CentralitaAbstract\CentralitaAbstract.csproj", "{139AB9E2-DA88-4DB3-B2BC-64B3C217FE54}"
EndProject
Project("{9A19103F-16F7-4668-BE54-9A1E7A4F7556}") = "Ej42", "Ej42\Ej42.csproj", "{3013888F-7915-4094-AC4D-A4C7878B4657}"
EndProject
Project("{9A19103F-16F7-4668-BE54-9A1E7A4F7556}") = "ProyectoParaProbar", "ProyectoParaProbar\ProyectoParaProbar.csproj", "{2A13F2F2-A31D-4F8D-9490-622AA56F0D2E}"
EndProject
Project("{FAE04EC0-301F-11D3-BF4B-00C04F79EFBC}") = "CentralitaTests", "CentralitaTests\CentralitaTests.csproj", "{9EA1B6A0-BDC6-4D6D-A749-119714870DE2}"
EndProject
Project("{9A19103F-16F7-4668-BE54-9A1E7A4F7556}") = "Ej47", "Ej47\Ej47.csproj", "{47437FFE-9342-4EEC-B146-3DD9B5A9F263}"
EndProject
Project("{9A19103F-16F7-4668-BE54-9A1E7A4F7556}") = "Ej47Library", "Ej47Library\Ej47Library.csproj", "{88DE107E-588C-40C2-94C0-39BB9A109588}"
EndProject
Project("{9A19103F-16F7-4668-BE54-9A1E7A4F7556}") = "Ej48", "Ej48\Ej48.csproj", "{C6D33DE2-1A03-4CAE-8E3B-CCB0F863781C}"
EndProject
Project("{FAE04EC0-301F-11D3-BF4B-00C04F79EFBC}") = "Ej50", "Ej50\Ej50.csproj", "{5FC09114-4544-47EA-AD8E-FE7500825E34}"
EndProject
Project("{FAE04EC0-301F-11D3-BF4B-00C04F79EFBC}") = "Ej52", "Ej52\Ej52.csproj", "{88F7493B-5B35-4354-96C7-E5C0D949F72A}"
EndProject
Global
	GlobalSection(SolutionConfigurationPlatforms) = preSolution
		Debug|Any CPU = Debug|Any CPU
		Release|Any CPU = Release|Any CPU
	EndGlobalSection
	GlobalSection(ProjectConfigurationPlatforms) = postSolution
		{B79DD41B-5F5B-4B86-B971-7C44B0C5BB5E}.Debug|Any CPU.ActiveCfg = Debug|Any CPU
		{B79DD41B-5F5B-4B86-B971-7C44B0C5BB5E}.Debug|Any CPU.Build.0 = Debug|Any CPU
		{B79DD41B-5F5B-4B86-B971-7C44B0C5BB5E}.Release|Any CPU.ActiveCfg = Release|Any CPU
		{B79DD41B-5F5B-4B86-B971-7C44B0C5BB5E}.Release|Any CPU.Build.0 = Release|Any CPU
		{04B88F42-DB9D-40E1-A891-18CD3FA42BDD}.Debug|Any CPU.ActiveCfg = Debug|Any CPU
		{04B88F42-DB9D-40E1-A891-18CD3FA42BDD}.Debug|Any CPU.Build.0 = Debug|Any CPU
		{04B88F42-DB9D-40E1-A891-18CD3FA42BDD}.Release|Any CPU.ActiveCfg = Release|Any CPU
		{04B88F42-DB9D-40E1-A891-18CD3FA42BDD}.Release|Any CPU.Build.0 = Release|Any CPU
		{2B8B3545-1DCF-48CC-988B-11A3F9791D94}.Debug|Any CPU.ActiveCfg = Debug|Any CPU
		{2B8B3545-1DCF-48CC-988B-11A3F9791D94}.Debug|Any CPU.Build.0 = Debug|Any CPU
		{2B8B3545-1DCF-48CC-988B-11A3F9791D94}.Release|Any CPU.ActiveCfg = Release|Any CPU
		{2B8B3545-1DCF-48CC-988B-11A3F9791D94}.Release|Any CPU.Build.0 = Release|Any CPU
		{CEA0ABE6-92FC-4F97-85A3-3B5378BD1B8E}.Debug|Any CPU.ActiveCfg = Debug|Any CPU
		{CEA0ABE6-92FC-4F97-85A3-3B5378BD1B8E}.Debug|Any CPU.Build.0 = Debug|Any CPU
		{CEA0ABE6-92FC-4F97-85A3-3B5378BD1B8E}.Release|Any CPU.ActiveCfg = Release|Any CPU
		{CEA0ABE6-92FC-4F97-85A3-3B5378BD1B8E}.Release|Any CPU.Build.0 = Release|Any CPU
		{042AE743-F9A0-4B89-AD13-B5D546B8B85A}.Debug|Any CPU.ActiveCfg = Debug|Any CPU
		{042AE743-F9A0-4B89-AD13-B5D546B8B85A}.Debug|Any CPU.Build.0 = Debug|Any CPU
		{042AE743-F9A0-4B89-AD13-B5D546B8B85A}.Release|Any CPU.ActiveCfg = Release|Any CPU
		{042AE743-F9A0-4B89-AD13-B5D546B8B85A}.Release|Any CPU.Build.0 = Release|Any CPU
		{40B36F9F-B3DB-4F6C-BF02-740C477DBFC8}.Debug|Any CPU.ActiveCfg = Debug|Any CPU
		{40B36F9F-B3DB-4F6C-BF02-740C477DBFC8}.Debug|Any CPU.Build.0 = Debug|Any CPU
		{40B36F9F-B3DB-4F6C-BF02-740C477DBFC8}.Release|Any CPU.ActiveCfg = Release|Any CPU
		{40B36F9F-B3DB-4F6C-BF02-740C477DBFC8}.Release|Any CPU.Build.0 = Release|Any CPU
		{6F6D99C5-F97F-44A7-BC9C-211DF92E6173}.Debug|Any CPU.ActiveCfg = Debug|Any CPU
		{6F6D99C5-F97F-44A7-BC9C-211DF92E6173}.Debug|Any CPU.Build.0 = Debug|Any CPU
		{6F6D99C5-F97F-44A7-BC9C-211DF92E6173}.Release|Any CPU.ActiveCfg = Release|Any CPU
		{6F6D99C5-F97F-44A7-BC9C-211DF92E6173}.Release|Any CPU.Build.0 = Release|Any CPU
		{F317B8C5-1169-4539-B636-C3E2C1C15758}.Debug|Any CPU.ActiveCfg = Debug|Any CPU
		{F317B8C5-1169-4539-B636-C3E2C1C15758}.Debug|Any CPU.Build.0 = Debug|Any CPU
		{F317B8C5-1169-4539-B636-C3E2C1C15758}.Release|Any CPU.ActiveCfg = Release|Any CPU
		{F317B8C5-1169-4539-B636-C3E2C1C15758}.Release|Any CPU.Build.0 = Release|Any CPU
		{BCBC2DA6-6215-44CF-B1C1-066E858B4319}.Debug|Any CPU.ActiveCfg = Debug|Any CPU
		{BCBC2DA6-6215-44CF-B1C1-066E858B4319}.Debug|Any CPU.Build.0 = Debug|Any CPU
		{BCBC2DA6-6215-44CF-B1C1-066E858B4319}.Release|Any CPU.ActiveCfg = Release|Any CPU
		{BCBC2DA6-6215-44CF-B1C1-066E858B4319}.Release|Any CPU.Build.0 = Release|Any CPU
		{F6137074-265E-4E69-AB17-EC16B30D2B3F}.Debug|Any CPU.ActiveCfg = Debug|Any CPU
		{F6137074-265E-4E69-AB17-EC16B30D2B3F}.Debug|Any CPU.Build.0 = Debug|Any CPU
		{F6137074-265E-4E69-AB17-EC16B30D2B3F}.Release|Any CPU.ActiveCfg = Release|Any CPU
		{F6137074-265E-4E69-AB17-EC16B30D2B3F}.Release|Any CPU.Build.0 = Release|Any CPU
		{A00A8015-A7B7-43D5-922A-2A27C0114D01}.Debug|Any CPU.ActiveCfg = Debug|Any CPU
		{A00A8015-A7B7-43D5-922A-2A27C0114D01}.Debug|Any CPU.Build.0 = Debug|Any CPU
		{A00A8015-A7B7-43D5-922A-2A27C0114D01}.Release|Any CPU.ActiveCfg = Release|Any CPU
		{A00A8015-A7B7-43D5-922A-2A27C0114D01}.Release|Any CPU.Build.0 = Release|Any CPU
		{219D616F-86FA-4C7F-8201-45A2AE402E14}.Debug|Any CPU.ActiveCfg = Debug|Any CPU
		{219D616F-86FA-4C7F-8201-45A2AE402E14}.Debug|Any CPU.Build.0 = Debug|Any CPU
		{219D616F-86FA-4C7F-8201-45A2AE402E14}.Release|Any CPU.ActiveCfg = Release|Any CPU
		{219D616F-86FA-4C7F-8201-45A2AE402E14}.Release|Any CPU.Build.0 = Release|Any CPU
		{ACD73515-9E47-4F9B-8344-DF571EDDDABA}.Debug|Any CPU.ActiveCfg = Debug|Any CPU
		{ACD73515-9E47-4F9B-8344-DF571EDDDABA}.Debug|Any CPU.Build.0 = Debug|Any CPU
		{ACD73515-9E47-4F9B-8344-DF571EDDDABA}.Release|Any CPU.ActiveCfg = Release|Any CPU
		{ACD73515-9E47-4F9B-8344-DF571EDDDABA}.Release|Any CPU.Build.0 = Release|Any CPU
		{29486D98-23AD-43FF-B0E6-2C0BB3A77905}.Debug|Any CPU.ActiveCfg = Debug|Any CPU
		{29486D98-23AD-43FF-B0E6-2C0BB3A77905}.Debug|Any CPU.Build.0 = Debug|Any CPU
		{29486D98-23AD-43FF-B0E6-2C0BB3A77905}.Release|Any CPU.ActiveCfg = Release|Any CPU
		{29486D98-23AD-43FF-B0E6-2C0BB3A77905}.Release|Any CPU.Build.0 = Release|Any CPU
		{BBD47E55-5D05-4964-9E2F-AB889D4D669A}.Debug|Any CPU.ActiveCfg = Debug|Any CPU
		{BBD47E55-5D05-4964-9E2F-AB889D4D669A}.Debug|Any CPU.Build.0 = Debug|Any CPU
		{BBD47E55-5D05-4964-9E2F-AB889D4D669A}.Release|Any CPU.ActiveCfg = Release|Any CPU
		{BBD47E55-5D05-4964-9E2F-AB889D4D669A}.Release|Any CPU.Build.0 = Release|Any CPU
		{C3CFBB8A-3C0C-48F5-9B0C-E4E9EC7A6398}.Debug|Any CPU.ActiveCfg = Debug|Any CPU
		{C3CFBB8A-3C0C-48F5-9B0C-E4E9EC7A6398}.Debug|Any CPU.Build.0 = Debug|Any CPU
		{C3CFBB8A-3C0C-48F5-9B0C-E4E9EC7A6398}.Release|Any CPU.ActiveCfg = Release|Any CPU
		{C3CFBB8A-3C0C-48F5-9B0C-E4E9EC7A6398}.Release|Any CPU.Build.0 = Release|Any CPU
		{B970118D-73DB-4443-9770-046A7AF067A5}.Debug|Any CPU.ActiveCfg = Debug|Any CPU
		{B970118D-73DB-4443-9770-046A7AF067A5}.Debug|Any CPU.Build.0 = Debug|Any CPU
		{B970118D-73DB-4443-9770-046A7AF067A5}.Release|Any CPU.ActiveCfg = Release|Any CPU
		{B970118D-73DB-4443-9770-046A7AF067A5}.Release|Any CPU.Build.0 = Release|Any CPU
		{1D6F6CB9-AE23-48DC-A84F-4148B255E348}.Debug|Any CPU.ActiveCfg = Debug|Any CPU
		{1D6F6CB9-AE23-48DC-A84F-4148B255E348}.Debug|Any CPU.Build.0 = Debug|Any CPU
		{1D6F6CB9-AE23-48DC-A84F-4148B255E348}.Release|Any CPU.ActiveCfg = Release|Any CPU
		{1D6F6CB9-AE23-48DC-A84F-4148B255E348}.Release|Any CPU.Build.0 = Release|Any CPU
		{49463785-C5D5-4396-BF8E-2992AAE77818}.Debug|Any CPU.ActiveCfg = Debug|Any CPU
		{49463785-C5D5-4396-BF8E-2992AAE77818}.Debug|Any CPU.Build.0 = Debug|Any CPU
		{49463785-C5D5-4396-BF8E-2992AAE77818}.Release|Any CPU.ActiveCfg = Release|Any CPU
		{49463785-C5D5-4396-BF8E-2992AAE77818}.Release|Any CPU.Build.0 = Release|Any CPU
		{A08C7242-C8F8-41A4-9DC2-ACED86AFFF22}.Debug|Any CPU.ActiveCfg = Debug|Any CPU
		{A08C7242-C8F8-41A4-9DC2-ACED86AFFF22}.Debug|Any CPU.Build.0 = Debug|Any CPU
		{A08C7242-C8F8-41A4-9DC2-ACED86AFFF22}.Release|Any CPU.ActiveCfg = Release|Any CPU
		{A08C7242-C8F8-41A4-9DC2-ACED86AFFF22}.Release|Any CPU.Build.0 = Release|Any CPU
		{EF6DB98D-E549-4459-BE66-4B80500BF322}.Debug|Any CPU.ActiveCfg = Debug|Any CPU
		{EF6DB98D-E549-4459-BE66-4B80500BF322}.Debug|Any CPU.Build.0 = Debug|Any CPU
		{EF6DB98D-E549-4459-BE66-4B80500BF322}.Release|Any CPU.ActiveCfg = Release|Any CPU
		{EF6DB98D-E549-4459-BE66-4B80500BF322}.Release|Any CPU.Build.0 = Release|Any CPU
		{F81A0BA9-FF7B-4C75-8F13-AB95FC71E8B6}.Debug|Any CPU.ActiveCfg = Debug|Any CPU
		{F81A0BA9-FF7B-4C75-8F13-AB95FC71E8B6}.Debug|Any CPU.Build.0 = Debug|Any CPU
		{F81A0BA9-FF7B-4C75-8F13-AB95FC71E8B6}.Release|Any CPU.ActiveCfg = Release|Any CPU
		{F81A0BA9-FF7B-4C75-8F13-AB95FC71E8B6}.Release|Any CPU.Build.0 = Release|Any CPU
		{C705996C-F5BC-4155-A0BA-A120324539E7}.Debug|Any CPU.ActiveCfg = Debug|Any CPU
		{C705996C-F5BC-4155-A0BA-A120324539E7}.Debug|Any CPU.Build.0 = Debug|Any CPU
		{C705996C-F5BC-4155-A0BA-A120324539E7}.Release|Any CPU.ActiveCfg = Release|Any CPU
		{C705996C-F5BC-4155-A0BA-A120324539E7}.Release|Any CPU.Build.0 = Release|Any CPU
		{04BD3B54-0348-4A31-A49F-80ABA7AE911E}.Debug|Any CPU.ActiveCfg = Debug|Any CPU
		{04BD3B54-0348-4A31-A49F-80ABA7AE911E}.Debug|Any CPU.Build.0 = Debug|Any CPU
		{04BD3B54-0348-4A31-A49F-80ABA7AE911E}.Release|Any CPU.ActiveCfg = Release|Any CPU
		{04BD3B54-0348-4A31-A49F-80ABA7AE911E}.Release|Any CPU.Build.0 = Release|Any CPU
		{D7E95F08-229C-47FA-8B19-7BDD5A92B415}.Debug|Any CPU.ActiveCfg = Debug|Any CPU
		{D7E95F08-229C-47FA-8B19-7BDD5A92B415}.Debug|Any CPU.Build.0 = Debug|Any CPU
		{D7E95F08-229C-47FA-8B19-7BDD5A92B415}.Release|Any CPU.ActiveCfg = Release|Any CPU
		{D7E95F08-229C-47FA-8B19-7BDD5A92B415}.Release|Any CPU.Build.0 = Release|Any CPU
		{A179B5D0-6CEE-40E5-9B01-E867AF85AC5D}.Debug|Any CPU.ActiveCfg = Debug|Any CPU
		{A179B5D0-6CEE-40E5-9B01-E867AF85AC5D}.Debug|Any CPU.Build.0 = Debug|Any CPU
		{A179B5D0-6CEE-40E5-9B01-E867AF85AC5D}.Release|Any CPU.ActiveCfg = Release|Any CPU
		{A179B5D0-6CEE-40E5-9B01-E867AF85AC5D}.Release|Any CPU.Build.0 = Release|Any CPU
		{7C9A7AB9-71DA-48CC-A3D8-1484425B61ED}.Debug|Any CPU.ActiveCfg = Debug|Any CPU
		{7C9A7AB9-71DA-48CC-A3D8-1484425B61ED}.Debug|Any CPU.Build.0 = Debug|Any CPU
		{7C9A7AB9-71DA-48CC-A3D8-1484425B61ED}.Release|Any CPU.ActiveCfg = Release|Any CPU
		{7C9A7AB9-71DA-48CC-A3D8-1484425B61ED}.Release|Any CPU.Build.0 = Release|Any CPU
		{139AB9E2-DA88-4DB3-B2BC-64B3C217FE54}.Debug|Any CPU.ActiveCfg = Debug|Any CPU
		{139AB9E2-DA88-4DB3-B2BC-64B3C217FE54}.Debug|Any CPU.Build.0 = Debug|Any CPU
		{139AB9E2-DA88-4DB3-B2BC-64B3C217FE54}.Release|Any CPU.ActiveCfg = Release|Any CPU
		{139AB9E2-DA88-4DB3-B2BC-64B3C217FE54}.Release|Any CPU.Build.0 = Release|Any CPU
		{3013888F-7915-4094-AC4D-A4C7878B4657}.Debug|Any CPU.ActiveCfg = Debug|Any CPU
		{3013888F-7915-4094-AC4D-A4C7878B4657}.Debug|Any CPU.Build.0 = Debug|Any CPU
		{3013888F-7915-4094-AC4D-A4C7878B4657}.Release|Any CPU.ActiveCfg = Release|Any CPU
		{3013888F-7915-4094-AC4D-A4C7878B4657}.Release|Any CPU.Build.0 = Release|Any CPU
		{2A13F2F2-A31D-4F8D-9490-622AA56F0D2E}.Debug|Any CPU.ActiveCfg = Debug|Any CPU
		{2A13F2F2-A31D-4F8D-9490-622AA56F0D2E}.Debug|Any CPU.Build.0 = Debug|Any CPU
		{2A13F2F2-A31D-4F8D-9490-622AA56F0D2E}.Release|Any CPU.ActiveCfg = Release|Any CPU
		{2A13F2F2-A31D-4F8D-9490-622AA56F0D2E}.Release|Any CPU.Build.0 = Release|Any CPU
		{9EA1B6A0-BDC6-4D6D-A749-119714870DE2}.Debug|Any CPU.ActiveCfg = Debug|Any CPU
		{9EA1B6A0-BDC6-4D6D-A749-119714870DE2}.Debug|Any CPU.Build.0 = Debug|Any CPU
		{9EA1B6A0-BDC6-4D6D-A749-119714870DE2}.Release|Any CPU.ActiveCfg = Release|Any CPU
		{9EA1B6A0-BDC6-4D6D-A749-119714870DE2}.Release|Any CPU.Build.0 = Release|Any CPU
		{47437FFE-9342-4EEC-B146-3DD9B5A9F263}.Debug|Any CPU.ActiveCfg = Debug|Any CPU
		{47437FFE-9342-4EEC-B146-3DD9B5A9F263}.Debug|Any CPU.Build.0 = Debug|Any CPU
		{47437FFE-9342-4EEC-B146-3DD9B5A9F263}.Release|Any CPU.ActiveCfg = Release|Any CPU
		{47437FFE-9342-4EEC-B146-3DD9B5A9F263}.Release|Any CPU.Build.0 = Release|Any CPU
		{88DE107E-588C-40C2-94C0-39BB9A109588}.Debug|Any CPU.ActiveCfg = Debug|Any CPU
		{88DE107E-588C-40C2-94C0-39BB9A109588}.Debug|Any CPU.Build.0 = Debug|Any CPU
		{88DE107E-588C-40C2-94C0-39BB9A109588}.Release|Any CPU.ActiveCfg = Release|Any CPU
		{88DE107E-588C-40C2-94C0-39BB9A109588}.Release|Any CPU.Build.0 = Release|Any CPU
		{C6D33DE2-1A03-4CAE-8E3B-CCB0F863781C}.Debug|Any CPU.ActiveCfg = Debug|Any CPU
		{C6D33DE2-1A03-4CAE-8E3B-CCB0F863781C}.Debug|Any CPU.Build.0 = Debug|Any CPU
		{C6D33DE2-1A03-4CAE-8E3B-CCB0F863781C}.Release|Any CPU.ActiveCfg = Release|Any CPU
		{C6D33DE2-1A03-4CAE-8E3B-CCB0F863781C}.Release|Any CPU.Build.0 = Release|Any CPU
		{5FC09114-4544-47EA-AD8E-FE7500825E34}.Debug|Any CPU.ActiveCfg = Debug|Any CPU
		{5FC09114-4544-47EA-AD8E-FE7500825E34}.Debug|Any CPU.Build.0 = Debug|Any CPU
		{5FC09114-4544-47EA-AD8E-FE7500825E34}.Release|Any CPU.ActiveCfg = Release|Any CPU
		{5FC09114-4544-47EA-AD8E-FE7500825E34}.Release|Any CPU.Build.0 = Release|Any CPU
		{88F7493B-5B35-4354-96C7-E5C0D949F72A}.Debug|Any CPU.ActiveCfg = Debug|Any CPU
		{88F7493B-5B35-4354-96C7-E5C0D949F72A}.Debug|Any CPU.Build.0 = Debug|Any CPU
		{88F7493B-5B35-4354-96C7-E5C0D949F72A}.Release|Any CPU.ActiveCfg = Release|Any CPU
		{88F7493B-5B35-4354-96C7-E5C0D949F72A}.Release|Any CPU.Build.0 = Release|Any CPU
	EndGlobalSection
	GlobalSection(SolutionProperties) = preSolution
		HideSolutionNode = FALSE
	EndGlobalSection
	GlobalSection(ExtensibilityGlobals) = postSolution
		SolutionGuid = {BBB59F3A-F108-4820-A450-21E8FBD931F5}
	EndGlobalSection
EndGlobal
